
Microsoft Visual Studio Solution File, Format Version 12.00
# Visual Studio Version 16
VisualStudioVersion = 16.0.30523.141
MinimumVisualStudioVersion = 10.0.40219.1
Project("{FAE04EC0-301F-11D3-BF4B-00C04F79EFBC}") = "MvcMovie", "MvcMovie\MvcMovie.csproj", "{C2AD916A-F3F8-4EF6-95FF-BE327BE75C94}"
EndProject
Global
	GlobalSection(SolutionConfigurationPlatforms) = preSolution
		Debug|Any CPU = Debug|Any CPU
		Release|Any CPU = Release|Any CPU
	EndGlobalSection
	GlobalSection(ProjectConfigurationPlatforms) = postSolution
		{C2AD916A-F3F8-4EF6-95FF-BE327BE75C94}.Debug|Any CPU.ActiveCfg = Debug|Any CPU
		{C2AD916A-F3F8-4EF6-95FF-BE327BE75C94}.Debug|Any CPU.Build.0 = Debug|Any CPU
		{C2AD916A-F3F8-4EF6-95FF-BE327BE75C94}.Release|Any CPU.ActiveCfg = Release|Any CPU
		{C2AD916A-F3F8-4EF6-95FF-BE327BE75C94}.Release|Any CPU.Build.0 = Release|Any CPU
	EndGlobalSection
	GlobalSection(SolutionProperties) = preSolution
		HideSolutionNode = FALSE
	EndGlobalSection
	GlobalSection(ExtensibilityGlobals) = postSolution
		SolutionGuid = {D1F0B235-4FDF-43FB-BABA-60A46D3BBC9E}
	EndGlobalSection
EndGlobal
